# GitHub Actions Version Lock File
# ━━━━━━━━━━━━━━━━━━━━━━━━━━━━━━━━━━━━━━━━━━━━━━━━━━━━━━━━━━━━━━━━━━━━━━━━━━━━
# Single source of truth for all GitHub Actions used in workflows.
# Managed by Dependabot - DO NOT EDIT MANUALLY UNLESS ADDING NEW ACTIONS.
#
# Usage:
#   1. Add new actions here first with desired semantic version
#   2. Run: just pin-actions (generates SHA-pinned workflows)
#   3. Dependabot automatically updates SHAs when new versions release
#
# Format:
#   <action-name>:
#     ref: <semantic-version>  # What we want (Dependabot monitors this)
#     sha: <commit-sha>         # Immutable pin (generated)
#     updated: <ISO-8601>       # Last verification timestamp
#
# Security Note:
#   Workflows use SHA-pinned format: uses: actions/checkout@abc123...  # v4.1.7
#   Dependabot reads the comment (# v4.1.7) and updates the SHA when new versions release.
# ━━━━━━━━━━━━━━━━━━━━━━━━━━━━━━━━━━━━━━━━━━━━━━━━━━━━━━━━━━━━━━━━━━━━━━━━━━━━

# ━━━━━━━━━━━━━━━━━━━━━━━━━━━━━━━━━━━━━━━━━━━━━━━━━━━━━━━━━━━━━━━━━━━━━━━━━━━━
# Official GitHub Actions
# ━━━━━━━━━━━━━━━━━━━━━━━━━━━━━━━━━━━━━━━━━━━━━━━━━━━━━━━━━━━━━━━━━━━━━━━━━━━━

actions/checkout:
  ref: v6.0.2
  sha: "de0fac2e4500dabe0009e67214ff5f5447ce83dd"
  updated: "2026-07-11T17:43:04Z"
  notes: "Repository checkout - used in every workflow"
actions/upload-artifact:
  ref: v6.0.0
  sha: "b7c566a772e6b6bfb58ed0dc250532a479d7789f"
  updated: "2026-07-11T17:43:05Z"
  notes: "Upload build artifacts and test results"
actions/download-artifact:
  ref: v8.0.1
  sha: "3e5f45b2cfb9172054b4087a40e8e0b5a5461e7c"
  updated: "2026-07-11T17:43:06Z"
  notes: "Collect verified release archives before publication"
actions/attest:
  ref: v4.1.1
  sha: "a1948c3f048ba23858d222213b7c278aabede763"
  updated: "2026-07-11T17:43:06Z"
  notes: "Generate signed SLSA provenance for release archives"
# ━━━━━━━━━━━━━━━━━━━━━━━━━━━━━━━━━━━━━━━━━━━━━━━━━━━━━━━━━━━━━━━━━━━━━━━━━━━━
# cargo-rail Ecosystem
# ━━━━━━━━━━━━━━━━━━━━━━━━━━━━━━━━━━━━━━━━━━━━━━━━━━━━━━━━━━━━━━━━━━━━━━━━━━━━
loadingalias/cargo-rail-action:
  ref: v6.0.0
  sha: "b2569086d9cdad737fd62635e6d15651970521f8"
  updated: "2026-07-25T04:52:27Z"
  notes: "Planner-first CI transport for cargo rail plan surfaces"
# ━━━━━━━━━━━━━━━━━━━━━━━━━━━━━━━━━━━━━━━━━━━━━━━━━━━━━━━━━━━━━━━━━━━━━━━━━━━━
# Testing & Reporting
# ━━━━━━━━━━━━━━━━━━━━━━━━━━━━━━━━━━━━━━━━━━━━━━━━━━━━━━━━━━━━━━━━━━━━━━━━━━━━
mikepenz/action-junit-report:
  ref: v6.2.0
  sha: "74626db7353a25a20a72816467ebf035f674c5f8"
  updated: "2026-07-11T17:43:08Z"
  notes: "Publish JUnit test reports as GitHub Checks"
# ━━━━━━━━━━━━━━━━━━━━━━━━━━━━━━━━━━━━━━━━━━━━━━━━━━━━━━━━━━━━━━━━━━━━━━━━━━━━
# Rust Toolchain & Ecosystem
# ━━━━━━━━━━━━━━━━━━━━━━━━━━━━━━━━━━━━━━━━━━━━━━━━━━━━━━━━━━━━━━━━━━━━━━━━━━━━
dtolnay/rust-toolchain:
  ref: master
  sha: "fa04a1451ff1842e2626ccb99004d0195b455a88"
  updated: "2026-07-11T17:43:09Z"
  notes: "Rust toolchain installation for stable, MSRV, and release builds"
taiki-e/install-action:
  ref: v2
  sha: "2ca9b94c269419b7b0c711c09d0b21c4e1d51145"
  updated: "2026-07-11T17:43:09Z"
  notes: "Install cargo tools (nextest, just, deny, audit)"
Swatinem/rust-cache:
  ref: v2.9.1
  sha: "c19371144df3bb44fab255c43d04cbc2ab54d1c4"
  updated: "2026-07-11T17:43:10Z"
  notes: "GitHub runner Rust cache"
# ━━━━━━━━━━━━━━━━━━━━━━━━━━━━━━━━━━━━━━━━━━━━━━━━━━━━━━━━━━━━━━━━━━━━━━━━━━━━
# Release Workflow Actions
# ━━━━━━━━━━━━━━━━━━━━━━━━━━━━━━━━━━━━━━━━━━━━━━━━━━━━━━━━━━━━━━━━━━━━━━━━━━━━
taiki-e/setup-cross-toolchain-action:
  ref: v1.38.0
  sha: "b8d1a322a6009a2b7220f53996695778eef89b41"
  updated: "2026-07-11T17:43:11Z"
  notes: "Cross-compilation toolchain setup for multi-target builds"
taiki-e/upload-rust-binary-action:
  ref: v1.28.0
  sha: "f391289bcff6a7f36b6301c0a74199657bbb4561"
  updated: "2026-07-11T17:43:12Z"
  notes: "Build and upload pre-built binaries to GitHub Releases"
