# GitHub Actions Version Lock File
# ━━━━━━━━━━━━━━━━━━━━━━━━━━━━━━━━━━━━━━━━━━━━━━━━━━━━━━━━━━━━━━━━━━━━━━━━━━━━
# Single source of truth for all GitHub Actions used in workflows.
# Managed by Dependabot - DO NOT EDIT MANUALLY UNLESS ADDING NEW ACTIONS.
#
# Usage:
#   1. Add new actions here first with desired semantic version
#   2. Run: just pin-actions (generates SHA-pinned workflows)
#   3. Dependabot automatically updates SHAs when new versions release
#
# Format:
#   <action-name>:
#     ref: <semantic-version>  # What we want (Dependabot monitors this)
#     sha: <commit-sha>         # Immutable pin (generated)
#     updated: <ISO-8601>       # Last verification timestamp
#
# Security Note:
#   Workflows use SHA-pinned format: uses: actions/checkout@abc123...  # v4.1.7
#   Dependabot reads the comment (# v4.1.7) and updates the SHA when new versions release.
# ━━━━━━━━━━━━━━━━━━━━━━━━━━━━━━━━━━━━━━━━━━━━━━━━━━━━━━━━━━━━━━━━━━━━━━━━━━━━

# ━━━━━━━━━━━━━━━━━━━━━━━━━━━━━━━━━━━━━━━━━━━━━━━━━━━━━━━━━━━━━━━━━━━━━━━━━━━━
# Official GitHub Actions
# ━━━━━━━━━━━━━━━━━━━━━━━━━━━━━━━━━━━━━━━━━━━━━━━━━━━━━━━━━━━━━━━━━━━━━━━━━━━━

actions/checkout:
  ref: v6.0.2
  sha: "de0fac2e4500dabe0009e67214ff5f5447ce83dd"
  updated: "2026-04-09T02:36:45Z"
  notes: "Repository checkout - used in every workflow"
actions/upload-artifact:
  ref: v6.0.0
  sha: "b7c566a772e6b6bfb58ed0dc250532a479d7789f"
  updated: "2026-04-09T02:36:46Z"
  notes: "Upload build artifacts and test results"
# ━━━━━━━━━━━━━━━━━━━━━━━━━━━━━━━━━━━━━━━━━━━━━━━━━━━━━━━━━━━━━━━━━━━━━━━━━━━━
# cargo-rail Ecosystem
# ━━━━━━━━━━━━━━━━━━━━━━━━━━━━━━━━━━━━━━━━━━━━━━━━━━━━━━━━━━━━━━━━━━━━━━━━━━━━
loadingalias/cargo-rail-action:
  ref: v4.1.2
  sha: "3e8d7bcd68dfd26f3663a7edb03fbac122e8f218"
  updated: "2026-04-18T00:00:00Z"
  notes: "Planner-first CI transport for cargo rail plan surfaces"
# ━━━━━━━━━━━━━━━━━━━━━━━━━━━━━━━━━━━━━━━━━━━━━━━━━━━━━━━━━━━━━━━━━━━━━━━━━━━━
# Testing & Reporting
# ━━━━━━━━━━━━━━━━━━━━━━━━━━━━━━━━━━━━━━━━━━━━━━━━━━━━━━━━━━━━━━━━━━━━━━━━━━━━
mikepenz/action-junit-report:
  ref: v6.2.0
  sha: "74626db7353a25a20a72816467ebf035f674c5f8"
  updated: "2026-04-09T02:36:47Z"
  notes: "Publish JUnit test reports as GitHub Checks"
# ━━━━━━━━━━━━━━━━━━━━━━━━━━━━━━━━━━━━━━━━━━━━━━━━━━━━━━━━━━━━━━━━━━━━━━━━━━━━
# Rust Toolchain & Ecosystem
# ━━━━━━━━━━━━━━━━━━━━━━━━━━━━━━━━━━━━━━━━━━━━━━━━━━━━━━━━━━━━━━━━━━━━━━━━━━━━
dtolnay/rust-toolchain:
  ref: master
  sha: "3c5f7ea28cd621ae0bf5283f0e981fb97b8a7af9"
  updated: "2026-04-09T02:36:48Z"
  notes: "Rust toolchain installation - always tracks latest nightly"
taiki-e/install-action:
  ref: v2
  sha: "80e6af7a2ec7f280fffe2d0a9d3a12a9d11d86e9"
  updated: "2026-04-09T02:36:48Z"
  notes: "Install cargo tools (nextest, just, deny, audit)"
Swatinem/rust-cache:
  ref: v2.8.2
  sha: "779680da715d629ac1d338a641029a2f4372abb5"
  updated: "2026-04-09T02:36:49Z"
  notes: "GitHub runner Rust cache"
# ━━━━━━━━━━━━━━━━━━━━━━━━━━━━━━━━━━━━━━━━━━━━━━━━━━━━━━━━━━━━━━━━━━━━━━━━━━━━
# Release Workflow Actions
# ━━━━━━━━━━━━━━━━━━━━━━━━━━━━━━━━━━━━━━━━━━━━━━━━━━━━━━━━━━━━━━━━━━━━━━━━━━━━
taiki-e/create-gh-release-action:
  ref: v1.9.2
  sha: "56a8b3f8449593aa02b91f7b84da564f476e94f0"
  updated: "2026-04-09T02:36:50Z"
  notes: "Create GitHub releases from CHANGELOG.md"
taiki-e/setup-cross-toolchain-action:
  ref: v1.38.0
  sha: "b8d1a322a6009a2b7220f53996695778eef89b41"
  updated: "2026-04-09T02:36:51Z"
  notes: "Cross-compilation toolchain setup for multi-target builds"
taiki-e/upload-rust-binary-action:
  ref: v1.28.0
  sha: "f391289bcff6a7f36b6301c0a74199657bbb4561"
  updated: "2026-04-09T02:36:51Z"
  notes: "Build and upload pre-built binaries to GitHub Releases"
