# This file is automatically @generated by Cargo.
# It is not intended for manual editing.
version = 4

[[package]]
name = "fact-probe"
version = "0.0.0"
dependencies = [
 "same-dependency 1.0.0",
 "same-dependency 2.0.0",
 "unused",
]

[[package]]
name = "same-dependency"
version = "1.0.0"

[[package]]
name = "same-dependency"
version = "2.0.0"

[[package]]
name = "unused"
version = "0.0.0"
